{
  "pins" : [
    {
      "identity" : "aquaman",
      "kind" : "remoteSourceControl",
      "location" : "https://github.com/bawn/Aquaman.git",
      "state" : {
        "revision" : "2fb802da7a4c3feedd8a41640ef304ed52affcfc",
        "version" : "0.1.4"
      }
    },
    {
      "identity" : "trident",
      "kind" : "remoteSourceControl",
      "location" : "https://github.com/bawn/Trident.git",
      "state" : {
        "revision" : "2eed75e69815da6fc28b05c91cd642bca1c40610",
        "version" : "0.7.0"
      }
    }
  ],
  "version" : 2
}
